// !$*UTF8*$!
{
	archiveVersion = 1;
	classes = {
	};
	objectVersion = 56;
	objects = {

/* Begin PBXBuildFile section */
		1E076283291A42FA00FF58D8 /* ImportView.swift in Sources */ = {isa = PBXBuildFile; fileRef = 1E076282291A42FA00FF58D8 /* ImportView.swift */; };
		1E076285291A47AC00FF58D8 /* Transaction.swift in Sources */ = {isa = PBXBuildFile; fileRef = 1E076284291A47AC00FF58D8 /* Transaction.swift */; };
		1E112029292ADF1E0094DD39 /* OrderedCollections in Frameworks */ = {isa = PBXBuildFile; productRef = 1E112028292ADF1E0094DD39 /* OrderedCollections */; };
		1E3F2251291C39D70000EC93 /* StorageHelper.swift in Sources */ = {isa = PBXBuildFile; fileRef = 1E3F2250291C39D70000EC93 /* StorageHelper.swift */; };
		1E3F2253291C3B1F0000EC93 /* KeyInput.swift in Sources */ = {isa = PBXBuildFile; fileRef = 1E3F2252291C3B1F0000EC93 /* KeyInput.swift */; };
		1E762DD52916A1EB00FA385D /* ledgerApp.swift in Sources */ = {isa = PBXBuildFile; fileRef = 1E762DD42916A1EB00FA385D /* ledgerApp.swift */; };
		1E762DD72916A1EB00FA385D /* ContentView.swift in Sources */ = {isa = PBXBuildFile; fileRef = 1E762DD62916A1EB00FA385D /* ContentView.swift */; };
		1E762DD92916A1EC00FA385D /* Assets.xcassets in Resources */ = {isa = PBXBuildFile; fileRef = 1E762DD82916A1EC00FA385D /* Assets.xcassets */; };
		1E762DDC2916A1EC00FA385D /* Preview Assets.xcassets in Resources */ = {isa = PBXBuildFile; fileRef = 1E762DDB2916A1EC00FA385D /* Preview Assets.xcassets */; };
/* End PBXBuildFile section */

/* Begin PBXFileReference section */
		1E076282291A42FA00FF58D8 /* ImportView.swift */ = {isa = PBXFileReference; lastKnownFileType = sourcecode.swift; path = ImportView.swift; sourceTree = "<group>"; };
		1E076284291A47AC00FF58D8 /* Transaction.swift */ = {isa = PBXFileReference; lastKnownFileType = sourcecode.swift; path = Transaction.swift; sourceTree = "<group>"; };
		1E3F2250291C39D70000EC93 /* StorageHelper.swift */ = {isa = PBXFileReference; lastKnownFileType = sourcecode.swift; path = StorageHelper.swift; sourceTree = "<group>"; };
		1E3F2252291C3B1F0000EC93 /* KeyInput.swift */ = {isa = PBXFileReference; lastKnownFileType = sourcecode.swift; path = KeyInput.swift; sourceTree = "<group>"; };
		1E762DD12916A1EB00FA385D /* ledger.app */ = {isa = PBXFileReference; explicitFileType = wrapper.application; includeInIndex = 0; path = ledger.app; sourceTree = BUILT_PRODUCTS_DIR; };
		1E762DD42916A1EB00FA385D /* ledgerApp.swift */ = {isa = PBXFileReference; lastKnownFileType = sourcecode.swift; path = ledgerApp.swift; sourceTree = "<group>"; };
		1E762DD62916A1EB00FA385D /* ContentView.swift */ = {isa = PBXFileReference; lastKnownFileType = sourcecode.swift; path = ContentView.swift; sourceTree = "<group>"; };
		1E762DD82916A1EC00FA385D /* Assets.xcassets */ = {isa = PBXFileReference; lastKnownFileType = folder.assetcatalog; path = Assets.xcassets; sourceTree = "<group>"; };
		1E762DDB2916A1EC00FA385D /* Preview Assets.xcassets */ = {isa = PBXFileReference; lastKnownFileType = folder.assetcatalog; path = "Preview Assets.xcassets"; sourceTree = "<group>"; };
		1E762DDD2916A1EC00FA385D /* ledger.entitlements */ = {isa = PBXFileReference; lastKnownFileType = text.plist.entitlements; path = ledger.entitlements; sourceTree = "<group>"; };
/* End PBXFileReference section */

/* Begin PBXFrameworksBuildPhase section */
		1E762DCE2916A1EB00FA385D /* Frameworks */ = {
			isa = PBXFrameworksBuildPhase;
			buildActionMask = 2147483647;
			files = (
				1E112029292ADF1E0094DD39 /* OrderedCollections in Frameworks */,
			);
			runOnlyForDeploymentPostprocessing = 0;
		};
/* End PBXFrameworksBuildPhase section */

/* Begin PBXGroup section */
		1E762DC82916A1EB00FA385D = {
			isa = PBXGroup;
			children = (
				1E762DD32916A1EB00FA385D /* ledger */,
				1E762DD22916A1EB00FA385D /* Products */,
			);
			sourceTree = "<group>";
		};
		1E762DD22916A1EB00FA385D /* Products */ = {
			isa = PBXGroup;
			children = (
				1E762DD12916A1EB00FA385D /* ledger.app */,
			);
			name = Products;
			sourceTree = "<group>";
		};
		1E762DD32916A1EB00FA385D /* ledger */ = {
			isa = PBXGroup;
			children = (
				1E762DD42916A1EB00FA385D /* ledgerApp.swift */,
				1E762DD62916A1EB00FA385D /* ContentView.swift */,
				1E3F2252291C3B1F0000EC93 /* KeyInput.swift */,
				1E076282291A42FA00FF58D8 /* ImportView.swift */,
				1E076284291A47AC00FF58D8 /* Transaction.swift */,
				1E3F2250291C39D70000EC93 /* StorageHelper.swift */,
				1E762DD82916A1EC00FA385D /* Assets.xcassets */,
				1E762DDD2916A1EC00FA385D /* ledger.entitlements */,
				1E762DDA2916A1EC00FA385D /* Preview Content */,
			);
			path = ledger;
			sourceTree = "<group>";
		};
		1E762DDA2916A1EC00FA385D /* Preview Content */ = {
			isa = PBXGroup;
			children = (
				1E762DDB2916A1EC00FA385D /* Preview Assets.xcassets */,
			);
			path = "Preview Content";
			sourceTree = "<group>";
		};
/* End PBXGroup section */

/* Begin PBXNativeTarget section */
		1E762DD02916A1EB00FA385D /* ledger */ = {
			isa = PBXNativeTarget;
			buildConfigurationList = 1E762DE02916A1EC00FA385D /* Build configuration list for PBXNativeTarget "ledger" */;
			buildPhases = (
				1E762DCD2916A1EB00FA385D /* Sources */,
				1E762DCE2916A1EB00FA385D /* Frameworks */,
				1E762DCF2916A1EB00FA385D /* Resources */,
			);
			buildRules = (
			);
			dependencies = (
			);
			name = ledger;
			packageProductDependencies = (
				1E112028292ADF1E0094DD39 /* OrderedCollections */,
			);
			productName = ledger;
			productReference = 1E762DD12916A1EB00FA385D /* ledger.app */;
			productType = "com.apple.product-type.application";
		};
/* End PBXNativeTarget section */

/* Begin PBXProject section */
		1E762DC92916A1EB00FA385D /* Project object */ = {
			isa = PBXProject;
			attributes = {
				BuildIndependentTargetsInParallel = 1;
				LastSwiftUpdateCheck = 1400;
				LastUpgradeCheck = 1400;
				TargetAttributes = {
					1E762DD02916A1EB00FA385D = {
						CreatedOnToolsVersion = 14.0.1;
					};
				};
			};
			buildConfigurationList = 1E762DCC2916A1EB00FA385D /* Build configuration list for PBXProject "ledger" */;
			compatibilityVersion = "Xcode 14.0";
			developmentRegion = en;
			hasScannedForEncodings = 0;
			knownRegions = (
				en,
				Base,
			);
			mainGroup = 1E762DC82916A1EB00FA385D;
			packageReferences = (
				1E112027292ADF1E0094DD39 /* XCRemoteSwiftPackageReference "swift-collections" */,
			);
			productRefGroup = 1E762DD22916A1EB00FA385D /* Products */;
			projectDirPath = "";
			projectRoot = "";
			targets = (
				1E762DD02916A1EB00FA385D /* ledger */,
			);
		};
/* End PBXProject section */

/* Begin PBXResourcesBuildPhase section */
		1E762DCF2916A1EB00FA385D /* Resources */ = {
			isa = PBXResourcesBuildPhase;
			buildActionMask = 2147483647;
			files = (
				1E762DDC2916A1EC00FA385D /* Preview Assets.xcassets in Resources */,
				1E762DD92916A1EC00FA385D /* Assets.xcassets in Resources */,
			);
			runOnlyForDeploymentPostprocessing = 0;
		};
/* End PBXResourcesBuildPhase section */

/* Begin PBXSourcesBuildPhase section */
		1E762DCD2916A1EB00FA385D /* Sources */ = {
			isa = PBXSourcesBuildPhase;
			buildActionMask = 2147483647;
			files = (
				1E3F2253291C3B1F0000EC93 /* KeyInput.swift in Sources */,
				1E762DD72916A1EB00FA385D /* ContentView.swift in Sources */,
				1E076283291A42FA00FF58D8 /* ImportView.swift in Sources */,
				1E076285291A47AC00FF58D8 /* Transaction.swift in Sources */,
				1E762DD52916A1EB00FA385D /* ledgerApp.swift in Sources */,
				1E3F2251291C39D70000EC93 /* StorageHelper.swift in Sources */,
			);
			runOnlyForDeploymentPostprocessing = 0;
		};
/* End PBXSourcesBuildPhase section */

/* Begin XCBuildConfiguration section */
		1E762DDE2916A1EC00FA385D /* Debug */ = {
			isa = XCBuildConfiguration;
			buildSettings = {
				ALWAYS_SEARCH_USER_PATHS = NO;
				CLANG_ANALYZER_NONNULL = YES;
				CLANG_ANALYZER_NUMBER_OBJECT_CONVERSION = YES_AGGRESSIVE;
				CLANG_CXX_LANGUAGE_STANDARD = "gnu++20";
				CLANG_ENABLE_MODULES = YES;
				CLANG_ENABLE_OBJC_ARC = YES;
				CLANG_ENABLE_OBJC_WEAK = YES;
				CLANG_WARN_BLOCK_CAPTURE_AUTORELEASING = YES;
				CLANG_WARN_BOOL_CONVERSION = YES;
				CLANG_WARN_COMMA = YES;
				CLANG_WARN_CONSTANT_CONVERSION = YES;
				CLANG_WARN_DEPRECATED_OBJC_IMPLEMENTATIONS = YES;
				CLANG_WARN_DIRECT_OBJC_ISA_USAGE = YES_ERROR;
				CLANG_WARN_DOCUMENTATION_COMMENTS = YES;
				CLANG_WARN_EMPTY_BODY = YES;
				CLANG_WARN_ENUM_CONVERSION = YES;
				CLANG_WARN_INFINITE_RECURSION = YES;
				CLANG_WARN_INT_CONVERSION = YES;
				CLANG_WARN_NON_LITERAL_NULL_CONVERSION = YES;
				CLANG_WARN_OBJC_IMPLICIT_RETAIN_SELF = YES;
				CLANG_WARN_OBJC_LITERAL_CONVERSION = YES;
				CLANG_WARN_OBJC_ROOT_CLASS = YES_ERROR;
				CLANG_WARN_QUOTED_INCLUDE_IN_FRAMEWORK_HEADER = YES;
				CLANG_WARN_RANGE_LOOP_ANALYSIS = YES;
				CLANG_WARN_STRICT_PROTOTYPES = YES;
				CLANG_WARN_SUSPICIOUS_MOVE = YES;
				CLANG_WARN_UNGUARDED_AVAILABILITY = YES_AGGRESSIVE;
				CLANG_WARN_UNREACHABLE_CODE = YES;
				CLANG_WARN__DUPLICATE_METHOD_MATCH = YES;
				COPY_PHASE_STRIP = NO;
				DEBUG_INFORMATION_FORMAT = dwarf;
				ENABLE_STRICT_OBJC_MSGSEND = YES;
				ENABLE_TESTABILITY = YES;
				GCC_C_LANGUAGE_STANDARD = gnu11;
				GCC_DYNAMIC_NO_PIC = NO;
				GCC_NO_COMMON_BLOCKS = YES;
				GCC_OPTIMIZATION_LEVEL = 0;
				GCC_PREPROCESSOR_DEFINITIONS = (
					"DEBUG=1",
					"$(inherited)",
				);
				GCC_WARN_64_TO_32_BIT_CONVERSION = YES;
				GCC_WARN_ABOUT_RETURN_TYPE = YES_ERROR;
				GCC_WARN_UNDECLARED_SELECTOR = YES;
				GCC_WARN_UNINITIALIZED_AUTOS = YES_AGGRESSIVE;
				GCC_WARN_UNUSED_FUNCTION = YES;
				GCC_WARN_UNUSED_VARIABLE = YES;
				MACOSX_DEPLOYMENT_TARGET = 12.3;
				MTL_ENABLE_DEBUG_INFO = INCLUDE_SOURCE;
				MTL_FAST_MATH = YES;
				ONLY_ACTIVE_ARCH = YES;
				SDKROOT = macosx;
				SWIFT_ACTIVE_COMPILATION_CONDITIONS = DEBUG;
				SWIFT_OPTIMIZATION_LEVEL = "-Onone";
			};
			name = Debug;
		};
		1E762DDF2916A1EC00FA385D /* Release */ = {
			isa = XCBuildConfiguration;
			buildSettings = {
				ALWAYS_SEARCH_USER_PATHS = NO;
				CLANG_ANALYZER_NONNULL = YES;
				CLANG_ANALYZER_NUMBER_OBJECT_CONVERSION = YES_AGGRESSIVE;
				CLANG_CXX_LANGUAGE_STANDARD = "gnu++20";
				CLANG_ENABLE_MODULES = YES;
				CLANG_ENABLE_OBJC_ARC = YES;
				CLANG_ENABLE_OBJC_WEAK = YES;
				CLANG_WARN_BLOCK_CAPTURE_AUTORELEASING = YES;
				CLANG_WARN_BOOL_CONVERSION = YES;
				CLANG_WARN_COMMA = YES;
				CLANG_WARN_CONSTANT_CONVERSION = YES;
				CLANG_WARN_DEPRECATED_OBJC_IMPLEMENTATIONS = YES;
				CLANG_WARN_DIRECT_OBJC_ISA_USAGE = YES_ERROR;
				CLANG_WARN_DOCUMENTATION_COMMENTS = YES;
				CLANG_WARN_EMPTY_BODY = YES;
				CLANG_WARN_ENUM_CONVERSION = YES;
				CLANG_WARN_INFINITE_RECURSION = YES;
				CLANG_WARN_INT_CONVERSION = YES;
				CLANG_WARN_NON_LITERAL_NULL_CONVERSION = YES;
				CLANG_WARN_OBJC_IMPLICIT_RETAIN_SELF = YES;
				CLANG_WARN_OBJC_LITERAL_CONVERSION = YES;
				CLANG_WARN_OBJC_ROOT_CLASS = YES_ERROR;
				CLANG_WARN_QUOTED_INCLUDE_IN_FRAMEWORK_HEADER = YES;
				CLANG_WARN_RANGE_LOOP_ANALYSIS = YES;
				CLANG_WARN_STRICT_PROTOTYPES = YES;
				CLANG_WARN_SUSPICIOUS_MOVE = YES;
				CLANG_WARN_UNGUARDED_AVAILABILITY = YES_AGGRESSIVE;
				CLANG_WARN_UNREACHABLE_CODE = YES;
				CLANG_WARN__DUPLICATE_METHOD_MATCH = YES;
				COPY_PHASE_STRIP = NO;
				DEBUG_INFORMATION_FORMAT = "dwarf-with-dsym";
				ENABLE_NS_ASSERTIONS = NO;
				ENABLE_STRICT_OBJC_MSGSEND = YES;
				GCC_C_LANGUAGE_STANDARD = gnu11;
				GCC_NO_COMMON_BLOCKS = YES;
				GCC_WARN_64_TO_32_BIT_CONVERSION = YES;
				GCC_WARN_ABOUT_RETURN_TYPE = YES_ERROR;
				GCC_WARN_UNDECLARED_SELECTOR = YES;
				GCC_WARN_UNINITIALIZED_AUTOS = YES_AGGRESSIVE;
				GCC_WARN_UNUSED_FUNCTION = YES;
				GCC_WARN_UNUSED_VARIABLE = YES;
				MACOSX_DEPLOYMENT_TARGET = 12.3;
				MTL_ENABLE_DEBUG_INFO = NO;
				MTL_FAST_MATH = YES;
				SDKROOT = macosx;
				SWIFT_COMPILATION_MODE = wholemodule;
				SWIFT_OPTIMIZATION_LEVEL = "-O";
			};
			name = Release;
		};
		1E762DE12916A1EC00FA385D /* Debug */ = {
			isa = XCBuildConfiguration;
			buildSettings = {
				ASSETCATALOG_COMPILER_APPICON_NAME = AppIcon;
				ASSETCATALOG_COMPILER_GLOBAL_ACCENT_COLOR_NAME = AccentColor;
				CODE_SIGN_ENTITLEMENTS = ledger/ledger.entitlements;
				CODE_SIGN_STYLE = Automatic;
				COMBINE_HIDPI_IMAGES = YES;
				CURRENT_PROJECT_VERSION = 1;
				DEVELOPMENT_ASSET_PATHS = "\"ledger/Preview Content\"";
				DEVELOPMENT_TEAM = UA923ZLYMM;
				ENABLE_HARDENED_RUNTIME = YES;
				ENABLE_PREVIEWS = YES;
				GENERATE_INFOPLIST_FILE = YES;
				INFOPLIST_KEY_NSHumanReadableCopyright = "";
				LD_RUNPATH_SEARCH_PATHS = (
					"$(inherited)",
					"@executable_path/../Frameworks",
				);
				MACOSX_DEPLOYMENT_TARGET = 13.0;
				MARKETING_VERSION = 1.0;
				PRODUCT_BUNDLE_IDENTIFIER = chris.ledger;
				PRODUCT_NAME = "$(TARGET_NAME)";
				SWIFT_EMIT_LOC_STRINGS = YES;
				SWIFT_VERSION = 5.0;
			};
			name = Debug;
		};
		1E762DE22916A1EC00FA385D /* Release */ = {
			isa = XCBuildConfiguration;
			buildSettings = {
				ASSETCATALOG_COMPILER_APPICON_NAME = AppIcon;
				ASSETCATALOG_COMPILER_GLOBAL_ACCENT_COLOR_NAME = AccentColor;
				CODE_SIGN_ENTITLEMENTS = ledger/ledger.entitlements;
				CODE_SIGN_STYLE = Automatic;
				COMBINE_HIDPI_IMAGES = YES;
				CURRENT_PROJECT_VERSION = 1;
				DEVELOPMENT_ASSET_PATHS = "\"ledger/Preview Content\"";
				DEVELOPMENT_TEAM = UA923ZLYMM;
				ENABLE_HARDENED_RUNTIME = YES;
				ENABLE_PREVIEWS = YES;
				GENERATE_INFOPLIST_FILE = YES;
				INFOPLIST_KEY_NSHumanReadableCopyright = "";
				LD_RUNPATH_SEARCH_PATHS = (
					"$(inherited)",
					"@executable_path/../Frameworks",
				);
				MACOSX_DEPLOYMENT_TARGET = 13.0;
				MARKETING_VERSION = 1.0;
				PRODUCT_BUNDLE_IDENTIFIER = chris.ledger;
				PRODUCT_NAME = "$(TARGET_NAME)";
				SWIFT_EMIT_LOC_STRINGS = YES;
				SWIFT_VERSION = 5.0;
			};
			name = Release;
		};
/* End XCBuildConfiguration section */

/* Begin XCConfigurationList section */
		1E762DCC2916A1EB00FA385D /* Build configuration list for PBXProject "ledger" */ = {
			isa = XCConfigurationList;
			buildConfigurations = (
				1E762DDE2916A1EC00FA385D /* Debug */,
				1E762DDF2916A1EC00FA385D /* Release */,
			);
			defaultConfigurationIsVisible = 0;
			defaultConfigurationName = Release;
		};
		1E762DE02916A1EC00FA385D /* Build configuration list for PBXNativeTarget "ledger" */ = {
			isa = XCConfigurationList;
			buildConfigurations = (
				1E762DE12916A1EC00FA385D /* Debug */,
				1E762DE22916A1EC00FA385D /* Release */,
			);
			defaultConfigurationIsVisible = 0;
			defaultConfigurationName = Release;
		};
/* End XCConfigurationList section */

/* Begin XCRemoteSwiftPackageReference section */
		1E112027292ADF1E0094DD39 /* XCRemoteSwiftPackageReference "swift-collections" */ = {
			isa = XCRemoteSwiftPackageReference;
			repositoryURL = "https://github.com/apple/swift-collections.git";
			requirement = {
				kind = upToNextMajorVersion;
				minimumVersion = 1.0.0;
			};
		};
/* End XCRemoteSwiftPackageReference section */

/* Begin XCSwiftPackageProductDependency section */
		1E112028292ADF1E0094DD39 /* OrderedCollections */ = {
			isa = XCSwiftPackageProductDependency;
			package = 1E112027292ADF1E0094DD39 /* XCRemoteSwiftPackageReference "swift-collections" */;
			productName = OrderedCollections;
		};
/* End XCSwiftPackageProductDependency section */
	};
	rootObject = 1E762DC92916A1EB00FA385D /* Project object */;
}
